// !$*UTF8*$!
{
	archiveVersion = 1;
	classes = {
	};
	objectVersion = 46;
	objects = {

/* Begin PBXBuildFile section */
		EF8C33D71A9A624A00C19519 /* dataio.m in Sources */ = {isa = PBXBuildFile; fileRef = EF8C33B21A9A624A00C19519 /* dataio.m */; };
		EF8C33D81A9A624A00C19519 /* debug.mm in Sources */ = {isa = PBXBuildFile; fileRef = EF8C33B41A9A624A00C19519 /* debug.mm */; };
		EF8C33D91A9A624A00C19519 /* LUGCDAsyncSocket.m in Sources */ = {isa = PBXBuildFile; fileRef = EF8C33B71A9A624A00C19519 /* LUGCDAsyncSocket.m */; };
		EF8C33DA1A9A624A00C19519 /* LUGCDAsyncUdpSocket.m in Sources */ = {isa = PBXBuildFile; fileRef = EF8C33B91A9A624A00C19519 /* LUGCDAsyncUdpSocket.m */; };
		EF8C33DB1A9A624A00C19519 /* LunarConcurrentQueue.m in Sources */ = {isa = PBXBuildFile; fileRef = EF8C33BC1A9A624A00C19519 /* LunarConcurrentQueue.m */; };
		EF8C33DC1A9A624A00C19519 /* LunarDebug.m in Sources */ = {isa = PBXBuildFile; fileRef = EF8C33BE1A9A624A00C19519 /* LunarDebug.m */; };
		EF8C33DD1A9A624A00C19519 /* LunarDispatchQueue.m in Sources */ = {isa = PBXBuildFile; fileRef = EF8C33C11A9A624A00C19519 /* LunarDispatchQueue.m */; };
		EF8C33DE1A9A624A00C19519 /* LunarIPEndPoint.m in Sources */ = {isa = PBXBuildFile; fileRef = EF8C33C31A9A624A00C19519 /* LunarIPEndPoint.m */; };
		EF8C33DF1A9A624A00C19519 /* LunarNetBuffer.m in Sources */ = {isa = PBXBuildFile; fileRef = EF8C33C51A9A624A00C19519 /* LunarNetBuffer.m */; };
		EF8C33E01A9A624A00C19519 /* LunarNetClientPeer.m in Sources */ = {isa = PBXBuildFile; fileRef = EF8C33C71A9A624A00C19519 /* LunarNetClientPeer.m */; };
		EF8C33E11A9A624A00C19519 /* LunarNetConfiguration.m in Sources */ = {isa = PBXBuildFile; fileRef = EF8C33C91A9A624A00C19519 /* LunarNetConfiguration.m */; };
		EF8C33E21A9A624A00C19519 /* LunarNetMessage.m in Sources */ = {isa = PBXBuildFile; fileRef = EF8C33CB1A9A624A00C19519 /* LunarNetMessage.m */; };
		EF8C33E31A9A624A00C19519 /* LunarNetMulticastSocket.m in Sources */ = {isa = PBXBuildFile; fileRef = EF8C33CD1A9A624A00C19519 /* LunarNetMulticastSocket.m */; };
		EF8C33E41A9A624A00C19519 /* LunarNetTuple.m in Sources */ = {isa = PBXBuildFile; fileRef = EF8C33CF1A9A624A00C19519 /* LunarNetTuple.m */; };
		EF8C33E51A9A624A00C19519 /* netutils.m in Sources */ = {isa = PBXBuildFile; fileRef = EF8C33D11A9A624A00C19519 /* netutils.m */; };
		EF8C33E61A9A624A00C19519 /* LunarUnityNetClientPeer.m in Sources */ = {isa = PBXBuildFile; fileRef = EF8C33D41A9A624A00C19519 /* LunarUnityNetClientPeer.m */; };
		EF8C33E71A9A624A00C19519 /* unity.mm in Sources */ = {isa = PBXBuildFile; fileRef = EF8C33D61A9A624A00C19519 /* unity.mm */; };
		EF8C33EC1A9A627B00C19519 /* Info.plist in Resources */ = {isa = PBXBuildFile; fileRef = EF8C33E91A9A627B00C19519 /* Info.plist */; };
		EF8C33ED1A9A627B00C19519 /* IPEndPointTest.m in Sources */ = {isa = PBXBuildFile; fileRef = EF8C33EA1A9A627B00C19519 /* IPEndPointTest.m */; };
		EF8C33EE1A9A627B00C19519 /* NetBufferTests.m in Sources */ = {isa = PBXBuildFile; fileRef = EF8C33EB1A9A627B00C19519 /* NetBufferTests.m */; };
		EFE8DB091A6AFB4500550FD0 /* libLunarPlugin.a in Frameworks */ = {isa = PBXBuildFile; fileRef = EFE8DAFD1A6AFB4500550FD0 /* libLunarPlugin.a */; };
/* End PBXBuildFile section */

/* Begin PBXContainerItemProxy section */
		EFE8DB0A1A6AFB4500550FD0 /* PBXContainerItemProxy */ = {
			isa = PBXContainerItemProxy;
			containerPortal = EFE8DAF51A6AFB4500550FD0 /* Project object */;
			proxyType = 1;
			remoteGlobalIDString = EFE8DAFC1A6AFB4500550FD0;
			remoteInfo = Lunar;
		};
/* End PBXContainerItemProxy section */

/* Begin PBXCopyFilesBuildPhase section */
		EFE8DAFB1A6AFB4500550FD0 /* CopyFiles */ = {
			isa = PBXCopyFilesBuildPhase;
			buildActionMask = 2147483647;
			dstPath = "include/$(PRODUCT_NAME)";
			dstSubfolderSpec = 16;
			files = (
			);
			runOnlyForDeploymentPostprocessing = 0;
		};
/* End PBXCopyFilesBuildPhase section */

/* Begin PBXFileReference section */
		EF8C33B11A9A624A00C19519 /* dataio.h */ = {isa = PBXFileReference; fileEncoding = 4; lastKnownFileType = sourcecode.c.h; path = dataio.h; sourceTree = "<group>"; };
		EF8C33B21A9A624A00C19519 /* dataio.m */ = {isa = PBXFileReference; fileEncoding = 4; lastKnownFileType = sourcecode.c.objc; path = dataio.m; sourceTree = "<group>"; };
		EF8C33B31A9A624A00C19519 /* debug.h */ = {isa = PBXFileReference; fileEncoding = 4; lastKnownFileType = sourcecode.c.h; path = debug.h; sourceTree = "<group>"; };
		EF8C33B41A9A624A00C19519 /* debug.mm */ = {isa = PBXFileReference; fileEncoding = 4; lastKnownFileType = sourcecode.cpp.objcpp; path = debug.mm; sourceTree = "<group>"; };
		EF8C33B61A9A624A00C19519 /* LUGCDAsyncSocket.h */ = {isa = PBXFileReference; fileEncoding = 4; lastKnownFileType = sourcecode.c.h; path = LUGCDAsyncSocket.h; sourceTree = "<group>"; };
		EF8C33B71A9A624A00C19519 /* LUGCDAsyncSocket.m */ = {isa = PBXFileReference; fileEncoding = 4; lastKnownFileType = sourcecode.c.objc; path = LUGCDAsyncSocket.m; sourceTree = "<group>"; };
		EF8C33B81A9A624A00C19519 /* LUGCDAsyncUdpSocket.h */ = {isa = PBXFileReference; fileEncoding = 4; lastKnownFileType = sourcecode.c.h; path = LUGCDAsyncUdpSocket.h; sourceTree = "<group>"; };
		EF8C33B91A9A624A00C19519 /* LUGCDAsyncUdpSocket.m */ = {isa = PBXFileReference; fileEncoding = 4; lastKnownFileType = sourcecode.c.objc; path = LUGCDAsyncUdpSocket.m; sourceTree = "<group>"; };
		EF8C33BA1A9A624A00C19519 /* Lunar.h */ = {isa = PBXFileReference; fileEncoding = 4; lastKnownFileType = sourcecode.c.h; path = Lunar.h; sourceTree = "<group>"; };
		EF8C33BB1A9A624A00C19519 /* LunarConcurrentQueue.h */ = {isa = PBXFileReference; fileEncoding = 4; lastKnownFileType = sourcecode.c.h; path = LunarConcurrentQueue.h; sourceTree = "<group>"; };
		EF8C33BC1A9A624A00C19519 /* LunarConcurrentQueue.m */ = {isa = PBXFileReference; fileEncoding = 4; lastKnownFileType = sourcecode.c.objc; path = LunarConcurrentQueue.m; sourceTree = "<group>"; };
		EF8C33BD1A9A624A00C19519 /* LunarDebug.h */ = {isa = PBXFileReference; fileEncoding = 4; lastKnownFileType = sourcecode.c.h; path = LunarDebug.h; sourceTree = "<group>"; };
		EF8C33BE1A9A624A00C19519 /* LunarDebug.m */ = {isa = PBXFileReference; fileEncoding = 4; lastKnownFileType = sourcecode.c.objc; path = LunarDebug.m; sourceTree = "<group>"; };
		EF8C33BF1A9A624A00C19519 /* LunarDefines.h */ = {isa = PBXFileReference; fileEncoding = 4; lastKnownFileType = sourcecode.c.h; path = LunarDefines.h; sourceTree = "<group>"; };
		EF8C33C01A9A624A00C19519 /* LunarDispatchQueue.h */ = {isa = PBXFileReference; fileEncoding = 4; lastKnownFileType = sourcecode.c.h; path = LunarDispatchQueue.h; sourceTree = "<group>"; };
		EF8C33C11A9A624A00C19519 /* LunarDispatchQueue.m */ = {isa = PBXFileReference; fileEncoding = 4; lastKnownFileType = sourcecode.c.objc; path = LunarDispatchQueue.m; sourceTree = "<group>"; };
		EF8C33C21A9A624A00C19519 /* LunarIPEndPoint.h */ = {isa = PBXFileReference; fileEncoding = 4; lastKnownFileType = sourcecode.c.h; path = LunarIPEndPoint.h; sourceTree = "<group>"; };
		EF8C33C31A9A624A00C19519 /* LunarIPEndPoint.m */ = {isa = PBXFileReference; fileEncoding = 4; lastKnownFileType = sourcecode.c.objc; path = LunarIPEndPoint.m; sourceTree = "<group>"; };
		EF8C33C41A9A624A00C19519 /* LunarNetBuffer.h */ = {isa = PBXFileReference; fileEncoding = 4; lastKnownFileType = sourcecode.c.h; path = LunarNetBuffer.h; sourceTree = "<group>"; };
		EF8C33C51A9A624A00C19519 /* LunarNetBuffer.m */ = {isa = PBXFileReference; fileEncoding = 4; lastKnownFileType = sourcecode.c.objc; path = LunarNetBuffer.m; sourceTree = "<group>"; };
		EF8C33C61A9A624A00C19519 /* LunarNetClientPeer.h */ = {isa = PBXFileReference; fileEncoding = 4; lastKnownFileType = sourcecode.c.h; path = LunarNetClientPeer.h; sourceTree = "<group>"; };
		EF8C33C71A9A624A00C19519 /* LunarNetClientPeer.m */ = {isa = PBXFileReference; fileEncoding = 4; lastKnownFileType = sourcecode.c.objc; path = LunarNetClientPeer.m; sourceTree = "<group>"; };
		EF8C33C81A9A624A00C19519 /* LunarNetConfiguration.h */ = {isa = PBXFileReference; fileEncoding = 4; lastKnownFileType = sourcecode.c.h; path = LunarNetConfiguration.h; sourceTree = "<group>"; };
		EF8C33C91A9A624A00C19519 /* LunarNetConfiguration.m */ = {isa = PBXFileReference; fileEncoding = 4; lastKnownFileType = sourcecode.c.objc; path = LunarNetConfiguration.m; sourceTree = "<group>"; };
		EF8C33CA1A9A624A00C19519 /* LunarNetMessage.h */ = {isa = PBXFileReference; fileEncoding = 4; lastKnownFileType = sourcecode.c.h; path = LunarNetMessage.h; sourceTree = "<group>"; };
		EF8C33CB1A9A624A00C19519 /* LunarNetMessage.m */ = {isa = PBXFileReference; fileEncoding = 4; lastKnownFileType = sourcecode.c.objc; path = LunarNetMessage.m; sourceTree = "<group>"; };
		EF8C33CC1A9A624A00C19519 /* LunarNetMulticastSocket.h */ = {isa = PBXFileReference; fileEncoding = 4; lastKnownFileType = sourcecode.c.h; path = LunarNetMulticastSocket.h; sourceTree = "<group>"; };
		EF8C33CD1A9A624A00C19519 /* LunarNetMulticastSocket.m */ = {isa = PBXFileReference; fileEncoding = 4; lastKnownFileType = sourcecode.c.objc; path = LunarNetMulticastSocket.m; sourceTree = "<group>"; };
		EF8C33CE1A9A624A00C19519 /* LunarNetTuple.h */ = {isa = PBXFileReference; fileEncoding = 4; lastKnownFileType = sourcecode.c.h; path = LunarNetTuple.h; sourceTree = "<group>"; };
		EF8C33CF1A9A624A00C19519 /* LunarNetTuple.m */ = {isa = PBXFileReference; fileEncoding = 4; lastKnownFileType = sourcecode.c.objc; path = LunarNetTuple.m; sourceTree = "<group>"; };
		EF8C33D01A9A624A00C19519 /* netutils.h */ = {isa = PBXFileReference; fileEncoding = 4; lastKnownFileType = sourcecode.c.h; path = netutils.h; sourceTree = "<group>"; };
		EF8C33D11A9A624A00C19519 /* netutils.m */ = {isa = PBXFileReference; fileEncoding = 4; lastKnownFileType = sourcecode.c.objc; path = netutils.m; sourceTree = "<group>"; };
		EF8C33D31A9A624A00C19519 /* LunarUnityNetClientPeer.h */ = {isa = PBXFileReference; fileEncoding = 4; lastKnownFileType = sourcecode.c.h; path = LunarUnityNetClientPeer.h; sourceTree = "<group>"; };
		EF8C33D41A9A624A00C19519 /* LunarUnityNetClientPeer.m */ = {isa = PBXFileReference; fileEncoding = 4; lastKnownFileType = sourcecode.c.objc; path = LunarUnityNetClientPeer.m; sourceTree = "<group>"; };
		EF8C33D51A9A624A00C19519 /* unity.h */ = {isa = PBXFileReference; fileEncoding = 4; lastKnownFileType = sourcecode.c.h; path = unity.h; sourceTree = "<group>"; };
		EF8C33D61A9A624A00C19519 /* unity.mm */ = {isa = PBXFileReference; fileEncoding = 4; lastKnownFileType = sourcecode.cpp.objcpp; path = unity.mm; sourceTree = "<group>"; };
		EF8C33E91A9A627B00C19519 /* Info.plist */ = {isa = PBXFileReference; fileEncoding = 4; lastKnownFileType = text.plist.xml; path = Info.plist; sourceTree = "<group>"; };
		EF8C33EA1A9A627B00C19519 /* IPEndPointTest.m */ = {isa = PBXFileReference; fileEncoding = 4; lastKnownFileType = sourcecode.c.objc; path = IPEndPointTest.m; sourceTree = "<group>"; };
		EF8C33EB1A9A627B00C19519 /* NetBufferTests.m */ = {isa = PBXFileReference; fileEncoding = 4; lastKnownFileType = sourcecode.c.objc; path = NetBufferTests.m; sourceTree = "<group>"; };
		EFE8DAFD1A6AFB4500550FD0 /* libLunarPlugin.a */ = {isa = PBXFileReference; explicitFileType = archive.ar; includeInIndex = 0; path = libLunarPlugin.a; sourceTree = BUILT_PRODUCTS_DIR; };
		EFE8DB081A6AFB4500550FD0 /* LunarPluginTests.xctest */ = {isa = PBXFileReference; explicitFileType = wrapper.cfbundle; includeInIndex = 0; path = LunarPluginTests.xctest; sourceTree = BUILT_PRODUCTS_DIR; };
/* End PBXFileReference section */

/* Begin PBXFrameworksBuildPhase section */
		EFE8DAFA1A6AFB4500550FD0 /* Frameworks */ = {
			isa = PBXFrameworksBuildPhase;
			buildActionMask = 2147483647;
			files = (
			);
			runOnlyForDeploymentPostprocessing = 0;
		};
		EFE8DB051A6AFB4500550FD0 /* Frameworks */ = {
			isa = PBXFrameworksBuildPhase;
			buildActionMask = 2147483647;
			files = (
				EFE8DB091A6AFB4500550FD0 /* libLunarPlugin.a in Frameworks */,
			);
			runOnlyForDeploymentPostprocessing = 0;
		};
/* End PBXFrameworksBuildPhase section */

/* Begin PBXGroup section */
		EF8C33B01A9A624A00C19519 /* LunarPlugin */ = {
			isa = PBXGroup;
			children = (
				EF8C33B11A9A624A00C19519 /* dataio.h */,
				EF8C33B21A9A624A00C19519 /* dataio.m */,
				EF8C33B31A9A624A00C19519 /* debug.h */,
				EF8C33B41A9A624A00C19519 /* debug.mm */,
				EF8C33B51A9A624A00C19519 /* External */,
				EF8C33BA1A9A624A00C19519 /* Lunar.h */,
				EF8C33BB1A9A624A00C19519 /* LunarConcurrentQueue.h */,
				EF8C33BC1A9A624A00C19519 /* LunarConcurrentQueue.m */,
				EF8C33BD1A9A624A00C19519 /* LunarDebug.h */,
				EF8C33BE1A9A624A00C19519 /* LunarDebug.m */,
				EF8C33BF1A9A624A00C19519 /* LunarDefines.h */,
				EF8C33C01A9A624A00C19519 /* LunarDispatchQueue.h */,
				EF8C33C11A9A624A00C19519 /* LunarDispatchQueue.m */,
				EF8C33C21A9A624A00C19519 /* LunarIPEndPoint.h */,
				EF8C33C31A9A624A00C19519 /* LunarIPEndPoint.m */,
				EF8C33C41A9A624A00C19519 /* LunarNetBuffer.h */,
				EF8C33C51A9A624A00C19519 /* LunarNetBuffer.m */,
				EF8C33C61A9A624A00C19519 /* LunarNetClientPeer.h */,
				EF8C33C71A9A624A00C19519 /* LunarNetClientPeer.m */,
				EF8C33C81A9A624A00C19519 /* LunarNetConfiguration.h */,
				EF8C33C91A9A624A00C19519 /* LunarNetConfiguration.m */,
				EF8C33CA1A9A624A00C19519 /* LunarNetMessage.h */,
				EF8C33CB1A9A624A00C19519 /* LunarNetMessage.m */,
				EF8C33CC1A9A624A00C19519 /* LunarNetMulticastSocket.h */,
				EF8C33CD1A9A624A00C19519 /* LunarNetMulticastSocket.m */,
				EF8C33CE1A9A624A00C19519 /* LunarNetTuple.h */,
				EF8C33CF1A9A624A00C19519 /* LunarNetTuple.m */,
				EF8C33D01A9A624A00C19519 /* netutils.h */,
				EF8C33D11A9A624A00C19519 /* netutils.m */,
				EF8C33D21A9A624A00C19519 /* Unity */,
			);
			path = LunarPlugin;
			sourceTree = "<group>";
		};
		EF8C33B51A9A624A00C19519 /* External */ = {
			isa = PBXGroup;
			children = (
				EF8C33B61A9A624A00C19519 /* LUGCDAsyncSocket.h */,
				EF8C33B71A9A624A00C19519 /* LUGCDAsyncSocket.m */,
				EF8C33B81A9A624A00C19519 /* LUGCDAsyncUdpSocket.h */,
				EF8C33B91A9A624A00C19519 /* LUGCDAsyncUdpSocket.m */,
			);
			path = External;
			sourceTree = "<group>";
		};
		EF8C33D21A9A624A00C19519 /* Unity */ = {
			isa = PBXGroup;
			children = (
				EF8C33D31A9A624A00C19519 /* LunarUnityNetClientPeer.h */,
				EF8C33D41A9A624A00C19519 /* LunarUnityNetClientPeer.m */,
				EF8C33D51A9A624A00C19519 /* unity.h */,
				EF8C33D61A9A624A00C19519 /* unity.mm */,
			);
			path = Unity;
			sourceTree = "<group>";
		};
		EF8C33E81A9A627B00C19519 /* LunarPluginTests */ = {
			isa = PBXGroup;
			children = (
				EF8C33E91A9A627B00C19519 /* Info.plist */,
				EF8C33EA1A9A627B00C19519 /* IPEndPointTest.m */,
				EF8C33EB1A9A627B00C19519 /* NetBufferTests.m */,
			);
			path = LunarPluginTests;
			sourceTree = "<group>";
		};
		EFE8DAF41A6AFB4500550FD0 = {
			isa = PBXGroup;
			children = (
				EF8C33B01A9A624A00C19519 /* LunarPlugin */,
				EF8C33E81A9A627B00C19519 /* LunarPluginTests */,
				EFE8DAFE1A6AFB4500550FD0 /* Products */,
			);
			sourceTree = "<group>";
		};
		EFE8DAFE1A6AFB4500550FD0 /* Products */ = {
			isa = PBXGroup;
			children = (
				EFE8DAFD1A6AFB4500550FD0 /* libLunarPlugin.a */,
				EFE8DB081A6AFB4500550FD0 /* LunarPluginTests.xctest */,
			);
			name = Products;
			sourceTree = "<group>";
		};
/* End PBXGroup section */

/* Begin PBXNativeTarget section */
		EFE8DAFC1A6AFB4500550FD0 /* LunarPlugin */ = {
			isa = PBXNativeTarget;
			buildConfigurationList = EFE8DB111A6AFB4500550FD0 /* Build configuration list for PBXNativeTarget "LunarPlugin" */;
			buildPhases = (
				EFE8DAF91A6AFB4500550FD0 /* Sources */,
				EFE8DAFA1A6AFB4500550FD0 /* Frameworks */,
				EFE8DAFB1A6AFB4500550FD0 /* CopyFiles */,
			);
			buildRules = (
			);
			dependencies = (
			);
			name = LunarPlugin;
			productName = Lunar;
			productReference = EFE8DAFD1A6AFB4500550FD0 /* libLunarPlugin.a */;
			productType = "com.apple.product-type.library.static";
		};
		EFE8DB071A6AFB4500550FD0 /* LunarPluginTests */ = {
			isa = PBXNativeTarget;
			buildConfigurationList = EFE8DB141A6AFB4500550FD0 /* Build configuration list for PBXNativeTarget "LunarPluginTests" */;
			buildPhases = (
				EFE8DB041A6AFB4500550FD0 /* Sources */,
				EFE8DB051A6AFB4500550FD0 /* Frameworks */,
				EFE8DB061A6AFB4500550FD0 /* Resources */,
			);
			buildRules = (
			);
			dependencies = (
				EFE8DB0B1A6AFB4500550FD0 /* PBXTargetDependency */,
			);
			name = LunarPluginTests;
			productName = LunarTests;
			productReference = EFE8DB081A6AFB4500550FD0 /* LunarPluginTests.xctest */;
			productType = "com.apple.product-type.bundle.unit-test";
		};
/* End PBXNativeTarget section */

/* Begin PBXProject section */
		EFE8DAF51A6AFB4500550FD0 /* Project object */ = {
			isa = PBXProject;
			attributes = {
				LastUpgradeCheck = 0610;
				ORGANIZATIONNAME = "Space Madness";
				TargetAttributes = {
					EFE8DAFC1A6AFB4500550FD0 = {
						CreatedOnToolsVersion = 6.1.1;
					};
					EFE8DB071A6AFB4500550FD0 = {
						CreatedOnToolsVersion = 6.1.1;
					};
				};
			};
			buildConfigurationList = EFE8DAF81A6AFB4500550FD0 /* Build configuration list for PBXProject "LunarPlugin" */;
			compatibilityVersion = "Xcode 3.2";
			developmentRegion = English;
			hasScannedForEncodings = 0;
			knownRegions = (
				en,
			);
			mainGroup = EFE8DAF41A6AFB4500550FD0;
			productRefGroup = EFE8DAFE1A6AFB4500550FD0 /* Products */;
			projectDirPath = "";
			projectRoot = "";
			targets = (
				EFE8DAFC1A6AFB4500550FD0 /* LunarPlugin */,
				EFE8DB071A6AFB4500550FD0 /* LunarPluginTests */,
			);
		};
/* End PBXProject section */

/* Begin PBXResourcesBuildPhase section */
		EFE8DB061A6AFB4500550FD0 /* Resources */ = {
			isa = PBXResourcesBuildPhase;
			buildActionMask = 2147483647;
			files = (
				EF8C33EC1A9A627B00C19519 /* Info.plist in Resources */,
			);
			runOnlyForDeploymentPostprocessing = 0;
		};
/* End PBXResourcesBuildPhase section */

/* Begin PBXSourcesBuildPhase section */
		EFE8DAF91A6AFB4500550FD0 /* Sources */ = {
			isa = PBXSourcesBuildPhase;
			buildActionMask = 2147483647;
			files = (
				EF8C33DE1A9A624A00C19519 /* LunarIPEndPoint.m in Sources */,
				EF8C33E61A9A624A00C19519 /* LunarUnityNetClientPeer.m in Sources */,
				EF8C33E11A9A624A00C19519 /* LunarNetConfiguration.m in Sources */,
				EF8C33E71A9A624A00C19519 /* unity.mm in Sources */,
				EF8C33E21A9A624A00C19519 /* LunarNetMessage.m in Sources */,
				EF8C33E01A9A624A00C19519 /* LunarNetClientPeer.m in Sources */,
				EF8C33DD1A9A624A00C19519 /* LunarDispatchQueue.m in Sources */,
				EF8C33E41A9A624A00C19519 /* LunarNetTuple.m in Sources */,
				EF8C33D91A9A624A00C19519 /* LUGCDAsyncSocket.m in Sources */,
				EF8C33D71A9A624A00C19519 /* dataio.m in Sources */,
				EF8C33DC1A9A624A00C19519 /* LunarDebug.m in Sources */,
				EF8C33D81A9A624A00C19519 /* debug.mm in Sources */,
				EF8C33E51A9A624A00C19519 /* netutils.m in Sources */,
				EF8C33DA1A9A624A00C19519 /* LUGCDAsyncUdpSocket.m in Sources */,
				EF8C33DB1A9A624A00C19519 /* LunarConcurrentQueue.m in Sources */,
				EF8C33DF1A9A624A00C19519 /* LunarNetBuffer.m in Sources */,
				EF8C33E31A9A624A00C19519 /* LunarNetMulticastSocket.m in Sources */,
			);
			runOnlyForDeploymentPostprocessing = 0;
		};
		EFE8DB041A6AFB4500550FD0 /* Sources */ = {
			isa = PBXSourcesBuildPhase;
			buildActionMask = 2147483647;
			files = (
				EF8C33ED1A9A627B00C19519 /* IPEndPointTest.m in Sources */,
				EF8C33EE1A9A627B00C19519 /* NetBufferTests.m in Sources */,
			);
			runOnlyForDeploymentPostprocessing = 0;
		};
/* End PBXSourcesBuildPhase section */

/* Begin PBXTargetDependency section */
		EFE8DB0B1A6AFB4500550FD0 /* PBXTargetDependency */ = {
			isa = PBXTargetDependency;
			target = EFE8DAFC1A6AFB4500550FD0 /* LunarPlugin */;
			targetProxy = EFE8DB0A1A6AFB4500550FD0 /* PBXContainerItemProxy */;
		};
/* End PBXTargetDependency section */

/* Begin XCBuildConfiguration section */
		EFE8DB0F1A6AFB4500550FD0 /* Debug */ = {
			isa = XCBuildConfiguration;
			buildSettings = {
				ALWAYS_SEARCH_USER_PATHS = NO;
				CLANG_CXX_LANGUAGE_STANDARD = "gnu++0x";
				CLANG_CXX_LIBRARY = "libc++";
				CLANG_ENABLE_MODULES = YES;
				CLANG_ENABLE_OBJC_ARC = YES;
				CLANG_WARN_BOOL_CONVERSION = YES;
				CLANG_WARN_CONSTANT_CONVERSION = YES;
				CLANG_WARN_DIRECT_OBJC_ISA_USAGE = YES_ERROR;
				CLANG_WARN_EMPTY_BODY = YES;
				CLANG_WARN_ENUM_CONVERSION = YES;
				CLANG_WARN_INT_CONVERSION = YES;
				CLANG_WARN_OBJC_ROOT_CLASS = YES_ERROR;
				CLANG_WARN_UNREACHABLE_CODE = YES;
				CLANG_WARN__DUPLICATE_METHOD_MATCH = YES;
				COPY_PHASE_STRIP = NO;
				ENABLE_STRICT_OBJC_MSGSEND = YES;
				GCC_C_LANGUAGE_STANDARD = gnu99;
				GCC_DYNAMIC_NO_PIC = NO;
				GCC_OPTIMIZATION_LEVEL = 0;
				GCC_PREPROCESSOR_DEFINITIONS = (
					"DEBUG=1",
					"$(inherited)",
				);
				GCC_SYMBOLS_PRIVATE_EXTERN = NO;
				GCC_WARN_64_TO_32_BIT_CONVERSION = YES;
				GCC_WARN_ABOUT_RETURN_TYPE = YES_ERROR;
				GCC_WARN_UNDECLARED_SELECTOR = YES;
				GCC_WARN_UNINITIALIZED_AUTOS = YES_AGGRESSIVE;
				GCC_WARN_UNUSED_FUNCTION = YES;
				GCC_WARN_UNUSED_VARIABLE = YES;
				IPHONEOS_DEPLOYMENT_TARGET = 5.0;
				MTL_ENABLE_DEBUG_INFO = YES;
				ONLY_ACTIVE_ARCH = YES;
				SDKROOT = iphoneos;
			};
			name = Debug;
		};
		EFE8DB101A6AFB4500550FD0 /* Release */ = {
			isa = XCBuildConfiguration;
			buildSettings = {
				ALWAYS_SEARCH_USER_PATHS = NO;
				CLANG_CXX_LANGUAGE_STANDARD = "gnu++0x";
				CLANG_CXX_LIBRARY = "libc++";
				CLANG_ENABLE_MODULES = YES;
				CLANG_ENABLE_OBJC_ARC = YES;
				CLANG_WARN_BOOL_CONVERSION = YES;
				CLANG_WARN_CONSTANT_CONVERSION = YES;
				CLANG_WARN_DIRECT_OBJC_ISA_USAGE = YES_ERROR;
				CLANG_WARN_EMPTY_BODY = YES;
				CLANG_WARN_ENUM_CONVERSION = YES;
				CLANG_WARN_INT_CONVERSION = YES;
				CLANG_WARN_OBJC_ROOT_CLASS = YES_ERROR;
				CLANG_WARN_UNREACHABLE_CODE = YES;
				CLANG_WARN__DUPLICATE_METHOD_MATCH = YES;
				COPY_PHASE_STRIP = YES;
				ENABLE_NS_ASSERTIONS = NO;
				ENABLE_STRICT_OBJC_MSGSEND = YES;
				GCC_C_LANGUAGE_STANDARD = gnu99;
				GCC_WARN_64_TO_32_BIT_CONVERSION = YES;
				GCC_WARN_ABOUT_RETURN_TYPE = YES_ERROR;
				GCC_WARN_UNDECLARED_SELECTOR = YES;
				GCC_WARN_UNINITIALIZED_AUTOS = YES_AGGRESSIVE;
				GCC_WARN_UNUSED_FUNCTION = YES;
				GCC_WARN_UNUSED_VARIABLE = YES;
				IPHONEOS_DEPLOYMENT_TARGET = 5.0;
				MTL_ENABLE_DEBUG_INFO = NO;
				SDKROOT = iphoneos;
				VALIDATE_PRODUCT = YES;
			};
			name = Release;
		};
		EFE8DB121A6AFB4500550FD0 /* Debug */ = {
			isa = XCBuildConfiguration;
			buildSettings = {
				OTHER_LDFLAGS = "-ObjC";
				PRODUCT_NAME = LunarPlugin;
				SKIP_INSTALL = YES;
			};
			name = Debug;
		};
		EFE8DB131A6AFB4500550FD0 /* Release */ = {
			isa = XCBuildConfiguration;
			buildSettings = {
				OTHER_LDFLAGS = "-ObjC";
				PRODUCT_NAME = LunarPlugin;
				SKIP_INSTALL = YES;
			};
			name = Release;
		};
		EFE8DB151A6AFB4500550FD0 /* Debug */ = {
			isa = XCBuildConfiguration;
			buildSettings = {
				FRAMEWORK_SEARCH_PATHS = (
					"$(SDKROOT)/Developer/Library/Frameworks",
					"$(inherited)",
				);
				GCC_PREPROCESSOR_DEFINITIONS = (
					"DEBUG=1",
					"$(inherited)",
				);
				INFOPLIST_FILE = LunarPluginTests/Info.plist;
				LD_RUNPATH_SEARCH_PATHS = "$(inherited) @executable_path/Frameworks @loader_path/Frameworks";
				PRODUCT_NAME = LunarPluginTests;
			};
			name = Debug;
		};
		EFE8DB161A6AFB4500550FD0 /* Release */ = {
			isa = XCBuildConfiguration;
			buildSettings = {
				FRAMEWORK_SEARCH_PATHS = (
					"$(SDKROOT)/Developer/Library/Frameworks",
					"$(inherited)",
				);
				INFOPLIST_FILE = LunarPluginTests/Info.plist;
				LD_RUNPATH_SEARCH_PATHS = "$(inherited) @executable_path/Frameworks @loader_path/Frameworks";
				PRODUCT_NAME = LunarPluginTests;
			};
			name = Release;
		};
/* End XCBuildConfiguration section */

/* Begin XCConfigurationList section */
		EFE8DAF81A6AFB4500550FD0 /* Build configuration list for PBXProject "LunarPlugin" */ = {
			isa = XCConfigurationList;
			buildConfigurations = (
				EFE8DB0F1A6AFB4500550FD0 /* Debug */,
				EFE8DB101A6AFB4500550FD0 /* Release */,
			);
			defaultConfigurationIsVisible = 0;
			defaultConfigurationName = Release;
		};
		EFE8DB111A6AFB4500550FD0 /* Build configuration list for PBXNativeTarget "LunarPlugin" */ = {
			isa = XCConfigurationList;
			buildConfigurations = (
				EFE8DB121A6AFB4500550FD0 /* Debug */,
				EFE8DB131A6AFB4500550FD0 /* Release */,
			);
			defaultConfigurationIsVisible = 0;
			defaultConfigurationName = Release;
		};
		EFE8DB141A6AFB4500550FD0 /* Build configuration list for PBXNativeTarget "LunarPluginTests" */ = {
			isa = XCConfigurationList;
			buildConfigurations = (
				EFE8DB151A6AFB4500550FD0 /* Debug */,
				EFE8DB161A6AFB4500550FD0 /* Release */,
			);
			defaultConfigurationIsVisible = 0;
			defaultConfigurationName = Release;
		};
/* End XCConfigurationList section */
	};
	rootObject = EFE8DAF51A6AFB4500550FD0 /* Project object */;
}
